
Microsoft Visual Studio Solution File, Format Version 12.00
# Visual Studio Version 16
VisualStudioVersion = 16.0.29411.108
MinimumVisualStudioVersion = 10.0.40219.1
Project("{9A19103F-16F7-4668-BE54-9A1E7A4F7556}") = "WebPulsaciones", "WebPulsaciones\WebPulsaciones.csproj", "{C2B6C801-94E4-4B04-B8BB-8C432EED3517}"
EndProject
Project("{9A19103F-16F7-4668-BE54-9A1E7A4F7556}") = "Datos", "Datos\Datos.csproj", "{28639E30-3FAD-4519-8138-19A532AA7847}"
EndProject
Project("{9A19103F-16F7-4668-BE54-9A1E7A4F7556}") = "Entity", "Entity\Entity.csproj", "{BD06AFDB-9284-4FFD-9BB6-5F468E2FCA45}"
EndProject
Project("{9A19103F-16F7-4668-BE54-9A1E7A4F7556}") = "Logica", "Logica\Logica.csproj", "{05A12602-0111-4565-9070-38995D178B3F}"
EndProject
Global
	GlobalSection(SolutionConfigurationPlatforms) = preSolution
		Debug|Any CPU = Debug|Any CPU
		Release|Any CPU = Release|Any CPU
	EndGlobalSection
	GlobalSection(ProjectConfigurationPlatforms) = postSolution
		{C2B6C801-94E4-4B04-B8BB-8C432EED3517}.Debug|Any CPU.ActiveCfg = Debug|Any CPU
		{C2B6C801-94E4-4B04-B8BB-8C432EED3517}.Debug|Any CPU.Build.0 = Debug|Any CPU
		{C2B6C801-94E4-4B04-B8BB-8C432EED3517}.Release|Any CPU.ActiveCfg = Release|Any CPU
		{C2B6C801-94E4-4B04-B8BB-8C432EED3517}.Release|Any CPU.Build.0 = Release|Any CPU
		{28639E30-3FAD-4519-8138-19A532AA7847}.Debug|Any CPU.ActiveCfg = Debug|Any CPU
		{28639E30-3FAD-4519-8138-19A532AA7847}.Debug|Any CPU.Build.0 = Debug|Any CPU
		{28639E30-3FAD-4519-8138-19A532AA7847}.Release|Any CPU.ActiveCfg = Release|Any CPU
		{28639E30-3FAD-4519-8138-19A532AA7847}.Release|Any CPU.Build.0 = Release|Any CPU
		{BD06AFDB-9284-4FFD-9BB6-5F468E2FCA45}.Debug|Any CPU.ActiveCfg = Debug|Any CPU
		{BD06AFDB-9284-4FFD-9BB6-5F468E2FCA45}.Debug|Any CPU.Build.0 = Debug|Any CPU
		{BD06AFDB-9284-4FFD-9BB6-5F468E2FCA45}.Release|Any CPU.ActiveCfg = Release|Any CPU
		{BD06AFDB-9284-4FFD-9BB6-5F468E2FCA45}.Release|Any CPU.Build.0 = Release|Any CPU
		{05A12602-0111-4565-9070-38995D178B3F}.Debug|Any CPU.ActiveCfg = Debug|Any CPU
		{05A12602-0111-4565-9070-38995D178B3F}.Debug|Any CPU.Build.0 = Debug|Any CPU
		{05A12602-0111-4565-9070-38995D178B3F}.Release|Any CPU.ActiveCfg = Release|Any CPU
		{05A12602-0111-4565-9070-38995D178B3F}.Release|Any CPU.Build.0 = Release|Any CPU
	EndGlobalSection
	GlobalSection(SolutionProperties) = preSolution
		HideSolutionNode = FALSE
	EndGlobalSection
	GlobalSection(ExtensibilityGlobals) = postSolution
		SolutionGuid = {89ECA813-ECC6-4714-9B07-0BAEC8785D87}
	EndGlobalSection
EndGlobal
